// !$*UTF8*$!
{
	archiveVersion = 1;
	classes = {
	};
	objectVersion = 46;
	objects = {

/* Begin PBXBuildFile section */
		312C50690E3242B400CA26AC /* GrowlFrameworkFinder.m in Sources */ = {isa = PBXBuildFile; fileRef = 312C50680E3242B400CA26AC /* GrowlFrameworkFinder.m */; };
		3153077E0DEB3ABA008F5881 /* GrowlVersionDetective.xib in Resources */ = {isa = PBXBuildFile; fileRef = 3153077C0DEB3ABA008F5881 /* GrowlVersionDetective.xib */; };
		315307880DEB3E94008F5881 /* GrowlVersionDetective.m in Sources */ = {isa = PBXBuildFile; fileRef = 315307870DEB3E94008F5881 /* GrowlVersionDetective.m */; };
		3153078B0DEB3E9F008F5881 /* GVDFoundApp.m in Sources */ = {isa = PBXBuildFile; fileRef = 3153078A0DEB3E9F008F5881 /* GVDFoundApp.m */; };
		315307FF0DEB62E6008F5881 /* GrowlPathUtilities.m in Sources */ = {isa = PBXBuildFile; fileRef = 315307FE0DEB62E6008F5881 /* GrowlPathUtilities.m */; };
		31876B390E32447200B83928 /* GVDFileFinder.m in Sources */ = {isa = PBXBuildFile; fileRef = 31876B380E32447200B83928 /* GVDFileFinder.m */; };
		31876B410E32501C00B83928 /* GrowlFrameworkFinder.xib in Resources */ = {isa = PBXBuildFile; fileRef = 31876B3F0E32501C00B83928 /* GrowlFrameworkFinder.xib */; };
		31876BF00E32FC2F00B83928 /* GrowlPrefPaneFinder.m in Sources */ = {isa = PBXBuildFile; fileRef = 31876BEF0E32FC2F00B83928 /* GrowlPrefPaneFinder.m */; };
		31876C1C0E32FE0200B83928 /* OSAKit.framework in Frameworks */ = {isa = PBXBuildFile; fileRef = 31876C1B0E32FE0200B83928 /* OSAKit.framework */; };
		31876C4A0E32FE7D00B83928 /* GrowlPrefPaneFinder.xib in Resources */ = {isa = PBXBuildFile; fileRef = 31876C480E32FE7D00B83928 /* GrowlPrefPaneFinder.xib */; };
		31876C770E3300EA00B83928 /* TrashLocalGrowlPrefPane.applescript in Resources */ = {isa = PBXBuildFile; fileRef = 31876C4B0E32FE9D00B83928 /* TrashLocalGrowlPrefPane.applescript */; };
		8D11072A0486CEB800E47090 /* MainMenu.nib in Resources */ = {isa = PBXBuildFile; fileRef = 29B97318FDCFA39411CA2CEA /* MainMenu.nib */; };
		8D11072B0486CEB800E47090 /* InfoPlist.strings in Resources */ = {isa = PBXBuildFile; fileRef = 089C165CFE840E0CC02AAC07 /* InfoPlist.strings */; };
		8D11072D0486CEB800E47090 /* main.m in Sources */ = {isa = PBXBuildFile; fileRef = 29B97316FDCFA39411CA2CEA /* main.m */; settings = {ATTRIBUTES = (); }; };
		8D11072F0486CEB800E47090 /* Cocoa.framework in Frameworks */ = {isa = PBXBuildFile; fileRef = 1058C7A1FEA54F0111CA2CBB /* Cocoa.framework */; };
		BCFEEC6A1447261C00B563E9 /* Growl.framework in Frameworks */ = {isa = PBXBuildFile; fileRef = BCFEEC691447261C00B563E9 /* Growl.framework */; };
		BCFEEC6D1447272900B563E9 /* Growl.framework in CopyFiles */ = {isa = PBXBuildFile; fileRef = BCFEEC691447261C00B563E9 /* Growl.framework */; };
		BCFEEC741447283900B563E9 /* GrowlVersionUtilities.m in Sources */ = {isa = PBXBuildFile; fileRef = BCFEEC731447283900B563E9 /* GrowlVersionUtilities.m */; };
/* End PBXBuildFile section */

/* Begin PBXCopyFilesBuildPhase section */
		BCFEEC6C144726F800B563E9 /* CopyFiles */ = {
			isa = PBXCopyFilesBuildPhase;
			buildActionMask = 2147483647;
			dstPath = "";
			dstSubfolderSpec = 10;
			files = (
				BCFEEC6D1447272900B563E9 /* Growl.framework in CopyFiles */,
			);
			runOnlyForDeploymentPostprocessing = 0;
		};
/* End PBXCopyFilesBuildPhase section */

/* Begin PBXFileReference section */
		089C165DFE840E0CC02AAC07 /* English */ = {isa = PBXFileReference; fileEncoding = 10; lastKnownFileType = text.plist.strings; name = English; path = English.lproj/InfoPlist.strings; sourceTree = "<group>"; };
		1058C7A1FEA54F0111CA2CBB /* Cocoa.framework */ = {isa = PBXFileReference; lastKnownFileType = wrapper.framework; name = Cocoa.framework; path = /System/Library/Frameworks/Cocoa.framework; sourceTree = "<absolute>"; };
		13E42FB307B3F0F600E4EEF1 /* CoreData.framework */ = {isa = PBXFileReference; lastKnownFileType = wrapper.framework; name = CoreData.framework; path = /System/Library/Frameworks/CoreData.framework; sourceTree = "<absolute>"; };
		29B97316FDCFA39411CA2CEA /* main.m */ = {isa = PBXFileReference; fileEncoding = 4; lastKnownFileType = sourcecode.c.objc; path = main.m; sourceTree = "<group>"; };
		29B97319FDCFA39411CA2CEA /* English */ = {isa = PBXFileReference; lastKnownFileType = wrapper.nib; name = English; path = English.lproj/MainMenu.nib; sourceTree = "<group>"; };
		29B97324FDCFA39411CA2CEA /* AppKit.framework */ = {isa = PBXFileReference; lastKnownFileType = wrapper.framework; name = AppKit.framework; path = /System/Library/Frameworks/AppKit.framework; sourceTree = "<absolute>"; };
		29B97325FDCFA39411CA2CEA /* Foundation.framework */ = {isa = PBXFileReference; lastKnownFileType = wrapper.framework; name = Foundation.framework; path = /System/Library/Frameworks/Foundation.framework; sourceTree = "<absolute>"; };
		312C50670E3242B400CA26AC /* GrowlFrameworkFinder.h */ = {isa = PBXFileReference; fileEncoding = 4; lastKnownFileType = sourcecode.c.h; path = GrowlFrameworkFinder.h; sourceTree = "<group>"; };
		312C50680E3242B400CA26AC /* GrowlFrameworkFinder.m */ = {isa = PBXFileReference; fileEncoding = 4; lastKnownFileType = sourcecode.c.objc; path = GrowlFrameworkFinder.m; sourceTree = "<group>"; };
		3153077D0DEB3ABA008F5881 /* English */ = {isa = PBXFileReference; lastKnownFileType = file.xib; name = English; path = English.lproj/GrowlVersionDetective.xib; sourceTree = "<group>"; };
		315307860DEB3E94008F5881 /* GrowlVersionDetective.h */ = {isa = PBXFileReference; fileEncoding = 4; lastKnownFileType = sourcecode.c.h; path = GrowlVersionDetective.h; sourceTree = "<group>"; };
		315307870DEB3E94008F5881 /* GrowlVersionDetective.m */ = {isa = PBXFileReference; fileEncoding = 4; lastKnownFileType = sourcecode.c.objc; path = GrowlVersionDetective.m; sourceTree = "<group>"; };
		315307890DEB3E9F008F5881 /* GVDFoundApp.h */ = {isa = PBXFileReference; fileEncoding = 4; lastKnownFileType = sourcecode.c.h; path = GVDFoundApp.h; sourceTree = "<group>"; };
		3153078A0DEB3E9F008F5881 /* GVDFoundApp.m */ = {isa = PBXFileReference; fileEncoding = 4; lastKnownFileType = sourcecode.c.objc; path = GVDFoundApp.m; sourceTree = "<group>"; };
		315307FD0DEB62E6008F5881 /* GrowlPathUtilities.h */ = {isa = PBXFileReference; fileEncoding = 4; lastKnownFileType = sourcecode.c.h; name = GrowlPathUtilities.h; path = "From Growl/GrowlPathUtilities.h"; sourceTree = "<group>"; };
		315307FE0DEB62E6008F5881 /* GrowlPathUtilities.m */ = {isa = PBXFileReference; fileEncoding = 4; lastKnownFileType = sourcecode.c.objc; name = GrowlPathUtilities.m; path = "From Growl/GrowlPathUtilities.m"; sourceTree = "<group>"; };
		3161D59C0DEB6AAA00C9D375 /* GrowlDefinesInternal.h */ = {isa = PBXFileReference; fileEncoding = 4; lastKnownFileType = sourcecode.c.h; name = GrowlDefinesInternal.h; path = "From Growl/GrowlDefinesInternal.h"; sourceTree = "<group>"; };
		31876B370E32447200B83928 /* GVDFileFinder.h */ = {isa = PBXFileReference; fileEncoding = 4; lastKnownFileType = sourcecode.c.h; path = GVDFileFinder.h; sourceTree = "<group>"; };
		31876B380E32447200B83928 /* GVDFileFinder.m */ = {isa = PBXFileReference; fileEncoding = 4; lastKnownFileType = sourcecode.c.objc; path = GVDFileFinder.m; sourceTree = "<group>"; };
		31876B400E32501C00B83928 /* English */ = {isa = PBXFileReference; lastKnownFileType = file.xib; name = English; path = English.lproj/GrowlFrameworkFinder.xib; sourceTree = "<group>"; };
		31876BEE0E32FC2F00B83928 /* GrowlPrefPaneFinder.h */ = {isa = PBXFileReference; fileEncoding = 4; lastKnownFileType = sourcecode.c.h; path = GrowlPrefPaneFinder.h; sourceTree = "<group>"; };
		31876BEF0E32FC2F00B83928 /* GrowlPrefPaneFinder.m */ = {isa = PBXFileReference; fileEncoding = 4; lastKnownFileType = sourcecode.c.objc; path = GrowlPrefPaneFinder.m; sourceTree = "<group>"; };
		31876C1B0E32FE0200B83928 /* OSAKit.framework */ = {isa = PBXFileReference; lastKnownFileType = wrapper.framework; name = OSAKit.framework; path = System/Library/Frameworks/OSAKit.framework; sourceTree = SDKROOT; };
		31876C490E32FE7D00B83928 /* English */ = {isa = PBXFileReference; lastKnownFileType = file.xib; name = English; path = English.lproj/GrowlPrefPaneFinder.xib; sourceTree = "<group>"; };
		31876C4B0E32FE9D00B83928 /* TrashLocalGrowlPrefPane.applescript */ = {isa = PBXFileReference; fileEncoding = 4; lastKnownFileType = sourcecode.applescript; path = TrashLocalGrowlPrefPane.applescript; sourceTree = "<group>"; };
		32CA4F630368D1EE00C91783 /* Growl Version Detective_Prefix.pch */ = {isa = PBXFileReference; fileEncoding = 4; lastKnownFileType = sourcecode.c.h; path = "Growl Version Detective_Prefix.pch"; sourceTree = "<group>"; };
		8D1107310486CEB800E47090 /* Info.plist */ = {isa = PBXFileReference; fileEncoding = 4; lastKnownFileType = text.plist.xml; path = Info.plist; sourceTree = "<group>"; };
		8D1107320486CEB800E47090 /* Growl Version Detective.app */ = {isa = PBXFileReference; explicitFileType = wrapper.application; includeInIndex = 0; path = "Growl Version Detective.app"; sourceTree = BUILT_PRODUCTS_DIR; };
		BCFEEC691447261C00B563E9 /* Growl.framework */ = {isa = PBXFileReference; lastKnownFileType = wrapper.framework; name = Growl.framework; path = "From Growl/Growl.framework"; sourceTree = "<group>"; };
		BCFEEC721447283900B563E9 /* GrowlVersionUtilities.h */ = {isa = PBXFileReference; fileEncoding = 4; lastKnownFileType = sourcecode.c.h; name = GrowlVersionUtilities.h; path = "From Growl/GrowlVersionUtilities.h"; sourceTree = "<group>"; };
		BCFEEC731447283900B563E9 /* GrowlVersionUtilities.m */ = {isa = PBXFileReference; fileEncoding = 4; lastKnownFileType = sourcecode.c.objc; name = GrowlVersionUtilities.m; path = "From Growl/GrowlVersionUtilities.m"; sourceTree = "<group>"; };
/* End PBXFileReference section */

/* Begin PBXFrameworksBuildPhase section */
		8D11072E0486CEB800E47090 /* Frameworks */ = {
			isa = PBXFrameworksBuildPhase;
			buildActionMask = 2147483647;
			files = (
				8D11072F0486CEB800E47090 /* Cocoa.framework in Frameworks */,
				31876C1C0E32FE0200B83928 /* OSAKit.framework in Frameworks */,
				BCFEEC6A1447261C00B563E9 /* Growl.framework in Frameworks */,
			);
			runOnlyForDeploymentPostprocessing = 0;
		};
/* End PBXFrameworksBuildPhase section */

/* Begin PBXGroup section */
		080E96DDFE201D6D7F000001 /* Classes */ = {
			isa = PBXGroup;
			children = (
				315307860DEB3E94008F5881 /* GrowlVersionDetective.h */,
				315307870DEB3E94008F5881 /* GrowlVersionDetective.m */,
				315307890DEB3E9F008F5881 /* GVDFoundApp.h */,
				3153078A0DEB3E9F008F5881 /* GVDFoundApp.m */,
				315308000DEB62EA008F5881 /* From Growl */,
				31876B350E3242F400B83928 /* File-finder classes */,
			);
			name = Classes;
			sourceTree = "<group>";
		};
		1058C7A0FEA54F0111CA2CBB /* Linked Frameworks */ = {
			isa = PBXGroup;
			children = (
				1058C7A1FEA54F0111CA2CBB /* Cocoa.framework */,
				31876C1B0E32FE0200B83928 /* OSAKit.framework */,
			);
			name = "Linked Frameworks";
			sourceTree = "<group>";
		};
		1058C7A2FEA54F0111CA2CBB /* Other Frameworks */ = {
			isa = PBXGroup;
			children = (
				BCFEEC691447261C00B563E9 /* Growl.framework */,
				29B97324FDCFA39411CA2CEA /* AppKit.framework */,
				13E42FB307B3F0F600E4EEF1 /* CoreData.framework */,
				29B97325FDCFA39411CA2CEA /* Foundation.framework */,
			);
			name = "Other Frameworks";
			sourceTree = "<group>";
		};
		19C28FACFE9D520D11CA2CBB /* Products */ = {
			isa = PBXGroup;
			children = (
				8D1107320486CEB800E47090 /* Growl Version Detective.app */,
			);
			name = Products;
			sourceTree = "<group>";
		};
		29B97314FDCFA39411CA2CEA /* Growl Version Detective */ = {
			isa = PBXGroup;
			children = (
				080E96DDFE201D6D7F000001 /* Classes */,
				29B97315FDCFA39411CA2CEA /* Other Sources */,
				29B97317FDCFA39411CA2CEA /* Resources */,
				29B97323FDCFA39411CA2CEA /* Frameworks */,
				19C28FACFE9D520D11CA2CBB /* Products */,
			);
			name = "Growl Version Detective";
			sourceTree = "<group>";
		};
		29B97315FDCFA39411CA2CEA /* Other Sources */ = {
			isa = PBXGroup;
			children = (
				32CA4F630368D1EE00C91783 /* Growl Version Detective_Prefix.pch */,
				29B97316FDCFA39411CA2CEA /* main.m */,
			);
			name = "Other Sources";
			sourceTree = "<group>";
		};
		29B97317FDCFA39411CA2CEA /* Resources */ = {
			isa = PBXGroup;
			children = (
				8D1107310486CEB800E47090 /* Info.plist */,
				089C165CFE840E0CC02AAC07 /* InfoPlist.strings */,
				29B97318FDCFA39411CA2CEA /* MainMenu.nib */,
				3153077C0DEB3ABA008F5881 /* GrowlVersionDetective.xib */,
				31876B3F0E32501C00B83928 /* GrowlFrameworkFinder.xib */,
				31876C480E32FE7D00B83928 /* GrowlPrefPaneFinder.xib */,
				31876C4B0E32FE9D00B83928 /* TrashLocalGrowlPrefPane.applescript */,
			);
			name = Resources;
			sourceTree = "<group>";
		};
		29B97323FDCFA39411CA2CEA /* Frameworks */ = {
			isa = PBXGroup;
			children = (
				1058C7A0FEA54F0111CA2CBB /* Linked Frameworks */,
				1058C7A2FEA54F0111CA2CBB /* Other Frameworks */,
			);
			name = Frameworks;
			sourceTree = "<group>";
		};
		315308000DEB62EA008F5881 /* From Growl */ = {
			isa = PBXGroup;
			children = (
				3161D59C0DEB6AAA00C9D375 /* GrowlDefinesInternal.h */,
				315307FD0DEB62E6008F5881 /* GrowlPathUtilities.h */,
				315307FE0DEB62E6008F5881 /* GrowlPathUtilities.m */,
				BCFEEC721447283900B563E9 /* GrowlVersionUtilities.h */,
				BCFEEC731447283900B563E9 /* GrowlVersionUtilities.m */,
			);
			name = "From Growl";
			sourceTree = "<group>";
		};
		31876B350E3242F400B83928 /* File-finder classes */ = {
			isa = PBXGroup;
			children = (
				31876B370E32447200B83928 /* GVDFileFinder.h */,
				31876B380E32447200B83928 /* GVDFileFinder.m */,
				312C50670E3242B400CA26AC /* GrowlFrameworkFinder.h */,
				312C50680E3242B400CA26AC /* GrowlFrameworkFinder.m */,
				31876BEE0E32FC2F00B83928 /* GrowlPrefPaneFinder.h */,
				31876BEF0E32FC2F00B83928 /* GrowlPrefPaneFinder.m */,
			);
			name = "File-finder classes";
			sourceTree = "<group>";
		};
/* End PBXGroup section */

/* Begin PBXNativeTarget section */
		8D1107260486CEB800E47090 /* Growl Version Detective */ = {
			isa = PBXNativeTarget;
			buildConfigurationList = C01FCF4A08A954540054247B /* Build configuration list for PBXNativeTarget "Growl Version Detective" */;
			buildPhases = (
				8D1107290486CEB800E47090 /* Resources */,
				8D11072C0486CEB800E47090 /* Sources */,
				8D11072E0486CEB800E47090 /* Frameworks */,
				BCFEEC6C144726F800B563E9 /* CopyFiles */,
			);
			buildRules = (
			);
			dependencies = (
			);
			name = "Growl Version Detective";
			productInstallPath = "$(HOME)/Applications";
			productName = "Growl Version Detective";
			productReference = 8D1107320486CEB800E47090 /* Growl Version Detective.app */;
			productType = "com.apple.product-type.application";
		};
/* End PBXNativeTarget section */

/* Begin PBXProject section */
		29B97313FDCFA39411CA2CEA /* Project object */ = {
			isa = PBXProject;
			attributes = {
				LastUpgradeCheck = 0410;
			};
			buildConfigurationList = C01FCF4E08A954540054247B /* Build configuration list for PBXProject "Growl Version Detective" */;
			compatibilityVersion = "Xcode 3.2";
			developmentRegion = English;
			hasScannedForEncodings = 1;
			knownRegions = (
				en,
			);
			mainGroup = 29B97314FDCFA39411CA2CEA /* Growl Version Detective */;
			projectDirPath = "";
			projectRoot = "";
			targets = (
				8D1107260486CEB800E47090 /* Growl Version Detective */,
			);
		};
/* End PBXProject section */

/* Begin PBXResourcesBuildPhase section */
		8D1107290486CEB800E47090 /* Resources */ = {
			isa = PBXResourcesBuildPhase;
			buildActionMask = 2147483647;
			files = (
				8D11072A0486CEB800E47090 /* MainMenu.nib in Resources */,
				8D11072B0486CEB800E47090 /* InfoPlist.strings in Resources */,
				3153077E0DEB3ABA008F5881 /* GrowlVersionDetective.xib in Resources */,
				31876B410E32501C00B83928 /* GrowlFrameworkFinder.xib in Resources */,
				31876C4A0E32FE7D00B83928 /* GrowlPrefPaneFinder.xib in Resources */,
				31876C770E3300EA00B83928 /* TrashLocalGrowlPrefPane.applescript in Resources */,
			);
			runOnlyForDeploymentPostprocessing = 0;
		};
/* End PBXResourcesBuildPhase section */

/* Begin PBXSourcesBuildPhase section */
		8D11072C0486CEB800E47090 /* Sources */ = {
			isa = PBXSourcesBuildPhase;
			buildActionMask = 2147483647;
			files = (
				8D11072D0486CEB800E47090 /* main.m in Sources */,
				315307880DEB3E94008F5881 /* GrowlVersionDetective.m in Sources */,
				3153078B0DEB3E9F008F5881 /* GVDFoundApp.m in Sources */,
				315307FF0DEB62E6008F5881 /* GrowlPathUtilities.m in Sources */,
				312C50690E3242B400CA26AC /* GrowlFrameworkFinder.m in Sources */,
				31876B390E32447200B83928 /* GVDFileFinder.m in Sources */,
				31876BF00E32FC2F00B83928 /* GrowlPrefPaneFinder.m in Sources */,
				BCFEEC741447283900B563E9 /* GrowlVersionUtilities.m in Sources */,
			);
			runOnlyForDeploymentPostprocessing = 0;
		};
/* End PBXSourcesBuildPhase section */

/* Begin PBXVariantGroup section */
		089C165CFE840E0CC02AAC07 /* InfoPlist.strings */ = {
			isa = PBXVariantGroup;
			children = (
				089C165DFE840E0CC02AAC07 /* English */,
			);
			name = InfoPlist.strings;
			sourceTree = "<group>";
		};
		29B97318FDCFA39411CA2CEA /* MainMenu.nib */ = {
			isa = PBXVariantGroup;
			children = (
				29B97319FDCFA39411CA2CEA /* English */,
			);
			name = MainMenu.nib;
			sourceTree = "<group>";
		};
		3153077C0DEB3ABA008F5881 /* GrowlVersionDetective.xib */ = {
			isa = PBXVariantGroup;
			children = (
				3153077D0DEB3ABA008F5881 /* English */,
			);
			name = GrowlVersionDetective.xib;
			sourceTree = "<group>";
		};
		31876B3F0E32501C00B83928 /* GrowlFrameworkFinder.xib */ = {
			isa = PBXVariantGroup;
			children = (
				31876B400E32501C00B83928 /* English */,
			);
			name = GrowlFrameworkFinder.xib;
			sourceTree = "<group>";
		};
		31876C480E32FE7D00B83928 /* GrowlPrefPaneFinder.xib */ = {
			isa = PBXVariantGroup;
			children = (
				31876C490E32FE7D00B83928 /* English */,
			);
			name = GrowlPrefPaneFinder.xib;
			sourceTree = "<group>";
		};
/* End PBXVariantGroup section */

/* Begin XCBuildConfiguration section */
		C01FCF4B08A954540054247B /* Debug */ = {
			isa = XCBuildConfiguration;
			buildSettings = {
				COPY_PHASE_STRIP = NO;
				FRAMEWORK_SEARCH_PATHS = (
					"$(inherited)",
					"\"$(SRCROOT)/From Growl\"",
				);
				GCC_DYNAMIC_NO_PIC = NO;
				GCC_MODEL_TUNING = G5;
				GCC_OPTIMIZATION_LEVEL = 0;
				GCC_PRECOMPILE_PREFIX_HEADER = YES;
				GCC_PREFIX_HEADER = "Growl Version Detective_Prefix.pch";
				INFOPLIST_FILE = Info.plist;
				INSTALL_PATH = "$(HOME)/Applications";
				MACOSX_DEPLOYMENT_TARGET = 10.6;
				PRODUCT_NAME = "Growl Version Detective";
				WRAPPER_EXTENSION = app;
				ZERO_LINK = YES;
			};
			name = Debug;
		};
		C01FCF4C08A954540054247B /* Release */ = {
			isa = XCBuildConfiguration;
			buildSettings = {
				DEBUG_INFORMATION_FORMAT = "dwarf-with-dsym";
				FRAMEWORK_SEARCH_PATHS = (
					"$(inherited)",
					"\"$(SRCROOT)/From Growl\"",
				);
				GCC_MODEL_TUNING = G5;
				GCC_PRECOMPILE_PREFIX_HEADER = YES;
				GCC_PREFIX_HEADER = "Growl Version Detective_Prefix.pch";
				INFOPLIST_FILE = Info.plist;
				INSTALL_PATH = "$(HOME)/Applications";
				MACOSX_DEPLOYMENT_TARGET = 10.6;
				PRODUCT_NAME = "Growl Version Detective";
				WRAPPER_EXTENSION = app;
			};
			name = Release;
		};
		C01FCF4F08A954540054247B /* Debug */ = {
			isa = XCBuildConfiguration;
			buildSettings = {
				ARCHS = "$(ARCHS_STANDARD_32_64_BIT)";
				GCC_C_LANGUAGE_STANDARD = c99;
				GCC_VERSION = com.apple.compilers.llvm.clang.1_0;
				GCC_WARN_ABOUT_RETURN_TYPE = YES;
				GCC_WARN_UNUSED_VARIABLE = YES;
				SDKROOT = macosx10.6;
			};
			name = Debug;
		};
		C01FCF5008A954540054247B /* Release */ = {
			isa = XCBuildConfiguration;
			buildSettings = {
				ARCHS = "$(ARCHS_STANDARD_32_64_BIT)";
				GCC_C_LANGUAGE_STANDARD = c99;
				GCC_VERSION = com.apple.compilers.llvm.clang.1_0;
				GCC_WARN_ABOUT_RETURN_TYPE = YES;
				GCC_WARN_UNUSED_VARIABLE = YES;
				SDKROOT = macosx10.6;
			};
			name = Release;
		};
/* End XCBuildConfiguration section */

/* Begin XCConfigurationList section */
		C01FCF4A08A954540054247B /* Build configuration list for PBXNativeTarget "Growl Version Detective" */ = {
			isa = XCConfigurationList;
			buildConfigurations = (
				C01FCF4B08A954540054247B /* Debug */,
				C01FCF4C08A954540054247B /* Release */,
			);
			defaultConfigurationIsVisible = 0;
			defaultConfigurationName = Release;
		};
		C01FCF4E08A954540054247B /* Build configuration list for PBXProject "Growl Version Detective" */ = {
			isa = XCConfigurationList;
			buildConfigurations = (
				C01FCF4F08A954540054247B /* Debug */,
				C01FCF5008A954540054247B /* Release */,
			);
			defaultConfigurationIsVisible = 0;
			defaultConfigurationName = Release;
		};
/* End XCConfigurationList section */
	};
	rootObject = 29B97313FDCFA39411CA2CEA /* Project object */;
}
